
Microsoft Visual Studio Solution File, Format Version 12.00
# Visual Studio Version 17
VisualStudioVersion = 17.0.32112.339
MinimumVisualStudioVersion = 10.0.40219.1
Project("{9A19103F-16F7-4668-BE54-9A1E7A4F7556}") = "VehicleRepairLog", "VehicleRepairLog\VehicleRepairLog.csproj", "{4F3B1438-ED24-49B6-8157-09F108C357E6}"
EndProject
Project("{9A19103F-16F7-4668-BE54-9A1E7A4F7556}") = "VehicleRepairLog.Application", "VehicleRepairLog.Application\VehicleRepairLog.Application.csproj", "{FE243B16-C6FE-4113-9D66-B0E875BED0A6}"
EndProject
Project("{9A19103F-16F7-4668-BE54-9A1E7A4F7556}") = "VehicleRepairLog.Infrastructure", "VehicleRepairLog.Infrastructure\VehicleRepairLog.Infrastructure.csproj", "{7C6F61FE-CD98-47A6-8F57-70EFCEB8D1E5}"
EndProject
Project("{9A19103F-16F7-4668-BE54-9A1E7A4F7556}") = "VehicleRepairLog.Application.Tests", "VehicleRepairLog.Application.Tests\VehicleRepairLog.Application.Tests.csproj", "{AC36CF92-D342-435B-817F-21CF67AF4D13}"
EndProject
Project("{2150E333-8FDC-42A3-9474-1A3956D46DE8}") = "src", "src", "{88E6BA6F-8CBC-4C65-BDB6-D54EE849704B}"
EndProject
Project("{2150E333-8FDC-42A3-9474-1A3956D46DE8}") = "tests", "tests", "{7FBD5492-810F-4459-9947-6D239FCC3D2B}"
EndProject
Project("{FAE04EC0-301F-11D3-BF4B-00C04F79EFBC}") = "VehicleRepairLog.Domain", "VehicleRepairLog.Domain\VehicleRepairLog.Domain.csproj", "{8962A00D-B2B4-4AB6-9B3C-D7878531450C}"
EndProject
Global
	GlobalSection(SolutionConfigurationPlatforms) = preSolution
		Debug|Any CPU = Debug|Any CPU
		Release|Any CPU = Release|Any CPU
	EndGlobalSection
	GlobalSection(ProjectConfigurationPlatforms) = postSolution
		{4F3B1438-ED24-49B6-8157-09F108C357E6}.Debug|Any CPU.ActiveCfg = Debug|Any CPU
		{4F3B1438-ED24-49B6-8157-09F108C357E6}.Debug|Any CPU.Build.0 = Debug|Any CPU
		{4F3B1438-ED24-49B6-8157-09F108C357E6}.Release|Any CPU.ActiveCfg = Release|Any CPU
		{4F3B1438-ED24-49B6-8157-09F108C357E6}.Release|Any CPU.Build.0 = Release|Any CPU
		{FE243B16-C6FE-4113-9D66-B0E875BED0A6}.Debug|Any CPU.ActiveCfg = Debug|Any CPU
		{FE243B16-C6FE-4113-9D66-B0E875BED0A6}.Debug|Any CPU.Build.0 = Debug|Any CPU
		{FE243B16-C6FE-4113-9D66-B0E875BED0A6}.Release|Any CPU.ActiveCfg = Release|Any CPU
		{FE243B16-C6FE-4113-9D66-B0E875BED0A6}.Release|Any CPU.Build.0 = Release|Any CPU
		{7C6F61FE-CD98-47A6-8F57-70EFCEB8D1E5}.Debug|Any CPU.ActiveCfg = Debug|Any CPU
		{7C6F61FE-CD98-47A6-8F57-70EFCEB8D1E5}.Debug|Any CPU.Build.0 = Debug|Any CPU
		{7C6F61FE-CD98-47A6-8F57-70EFCEB8D1E5}.Release|Any CPU.ActiveCfg = Release|Any CPU
		{7C6F61FE-CD98-47A6-8F57-70EFCEB8D1E5}.Release|Any CPU.Build.0 = Release|Any CPU
		{AC36CF92-D342-435B-817F-21CF67AF4D13}.Debug|Any CPU.ActiveCfg = Debug|Any CPU
		{AC36CF92-D342-435B-817F-21CF67AF4D13}.Debug|Any CPU.Build.0 = Debug|Any CPU
		{AC36CF92-D342-435B-817F-21CF67AF4D13}.Release|Any CPU.ActiveCfg = Release|Any CPU
		{AC36CF92-D342-435B-817F-21CF67AF4D13}.Release|Any CPU.Build.0 = Release|Any CPU
		{8962A00D-B2B4-4AB6-9B3C-D7878531450C}.Debug|Any CPU.ActiveCfg = Debug|Any CPU
		{8962A00D-B2B4-4AB6-9B3C-D7878531450C}.Debug|Any CPU.Build.0 = Debug|Any CPU
		{8962A00D-B2B4-4AB6-9B3C-D7878531450C}.Release|Any CPU.ActiveCfg = Release|Any CPU
		{8962A00D-B2B4-4AB6-9B3C-D7878531450C}.Release|Any CPU.Build.0 = Release|Any CPU
	EndGlobalSection
	GlobalSection(SolutionProperties) = preSolution
		HideSolutionNode = FALSE
	EndGlobalSection
	GlobalSection(NestedProjects) = preSolution
		{4F3B1438-ED24-49B6-8157-09F108C357E6} = {88E6BA6F-8CBC-4C65-BDB6-D54EE849704B}
		{FE243B16-C6FE-4113-9D66-B0E875BED0A6} = {88E6BA6F-8CBC-4C65-BDB6-D54EE849704B}
		{7C6F61FE-CD98-47A6-8F57-70EFCEB8D1E5} = {88E6BA6F-8CBC-4C65-BDB6-D54EE849704B}
		{AC36CF92-D342-435B-817F-21CF67AF4D13} = {7FBD5492-810F-4459-9947-6D239FCC3D2B}
		{8962A00D-B2B4-4AB6-9B3C-D7878531450C} = {88E6BA6F-8CBC-4C65-BDB6-D54EE849704B}
	EndGlobalSection
	GlobalSection(ExtensibilityGlobals) = postSolution
		SolutionGuid = {1A4BDB3A-E023-4845-A885-DB9AD5EBF9D6}
	EndGlobalSection
EndGlobal
